
Microsoft Visual Studio Solution File, Format Version 10.00
# Visual Studio 2008
Project("{FAE04EC0-301F-11D3-BF4B-00C04F79EFBC}") = "cai-util-u3d", "cai-util-u3d.csproj", "{F93F5FC8-D49A-432A-9B6F-CFD1051F0331}"
EndProject
Global
	GlobalSection(SolutionConfigurationPlatforms) = preSolution
		Debug|Any CPU = Debug|Any CPU
		Release|Any CPU = Release|Any CPU
	EndGlobalSection
	GlobalSection(ProjectConfigurationPlatforms) = postSolution
		{F93F5FC8-D49A-432A-9B6F-CFD1051F0331}.Debug|Any CPU.ActiveCfg = Debug|Any CPU
		{F93F5FC8-D49A-432A-9B6F-CFD1051F0331}.Debug|Any CPU.Build.0 = Debug|Any CPU
		{F93F5FC8-D49A-432A-9B6F-CFD1051F0331}.Release|Any CPU.ActiveCfg = Release|Any CPU
		{F93F5FC8-D49A-432A-9B6F-CFD1051F0331}.Release|Any CPU.Build.0 = Release|Any CPU
	EndGlobalSection
	GlobalSection(SolutionProperties) = preSolution
		HideSolutionNode = FALSE
	EndGlobalSection
EndGlobal
